
Microsoft Visual Studio Solution File, Format Version 12.00
# Visual Studio 14
VisualStudioVersion = 14.0.24720.0
MinimumVisualStudioVersion = 10.0.40219.1
Project("{FAE04EC0-301F-11D3-BF4B-00C04F79EFBC}") = "DTO", "DTO\DTO.csproj", "{9D5FB0B8-F5E4-4C36-A816-3CF7415FA96D}"
EndProject
Project("{FAE04EC0-301F-11D3-BF4B-00C04F79EFBC}") = "DataLayer", "DataLayer\DataLayer.csproj", "{146B0462-B019-4FD4-BFDD-33D4D56FAA04}"
EndProject
Project("{FAE04EC0-301F-11D3-BF4B-00C04F79EFBC}") = "BusinessLayer", "BusinessLayer\BusinessLayer.csproj", "{7108C4DA-8C26-4641-A16F-4406E878032C}"
	ProjectSection(ProjectDependencies) = postProject
		{146B0462-B019-4FD4-BFDD-33D4D56FAA04} = {146B0462-B019-4FD4-BFDD-33D4D56FAA04}
		{9D5FB0B8-F5E4-4C36-A816-3CF7415FA96D} = {9D5FB0B8-F5E4-4C36-A816-3CF7415FA96D}
	EndProjectSection
EndProject
Project("{FAE04EC0-301F-11D3-BF4B-00C04F79EFBC}") = "Contracts", "Contracts\Contracts.csproj", "{2DC09AEF-7009-4EA9-A01B-9B070390C01A}"
EndProject
Project("{FAE04EC0-301F-11D3-BF4B-00C04F79EFBC}") = "StickersWeb", "StickersWeb\StickersWeb.csproj", "{4B6B220A-CD75-4898-8F1D-C67B5596C775}"
EndProject
Global
	GlobalSection(SolutionConfigurationPlatforms) = preSolution
		Debug|Any CPU = Debug|Any CPU
		Release|Any CPU = Release|Any CPU
	EndGlobalSection
	GlobalSection(ProjectConfigurationPlatforms) = postSolution
		{9D5FB0B8-F5E4-4C36-A816-3CF7415FA96D}.Debug|Any CPU.ActiveCfg = Debug|Any CPU
		{9D5FB0B8-F5E4-4C36-A816-3CF7415FA96D}.Debug|Any CPU.Build.0 = Debug|Any CPU
		{9D5FB0B8-F5E4-4C36-A816-3CF7415FA96D}.Release|Any CPU.ActiveCfg = Release|Any CPU
		{9D5FB0B8-F5E4-4C36-A816-3CF7415FA96D}.Release|Any CPU.Build.0 = Release|Any CPU
		{146B0462-B019-4FD4-BFDD-33D4D56FAA04}.Debug|Any CPU.ActiveCfg = Debug|Any CPU
		{146B0462-B019-4FD4-BFDD-33D4D56FAA04}.Debug|Any CPU.Build.0 = Debug|Any CPU
		{146B0462-B019-4FD4-BFDD-33D4D56FAA04}.Release|Any CPU.ActiveCfg = Release|Any CPU
		{146B0462-B019-4FD4-BFDD-33D4D56FAA04}.Release|Any CPU.Build.0 = Release|Any CPU
		{7108C4DA-8C26-4641-A16F-4406E878032C}.Debug|Any CPU.ActiveCfg = Debug|Any CPU
		{7108C4DA-8C26-4641-A16F-4406E878032C}.Debug|Any CPU.Build.0 = Debug|Any CPU
		{7108C4DA-8C26-4641-A16F-4406E878032C}.Release|Any CPU.ActiveCfg = Release|Any CPU
		{7108C4DA-8C26-4641-A16F-4406E878032C}.Release|Any CPU.Build.0 = Release|Any CPU
		{2DC09AEF-7009-4EA9-A01B-9B070390C01A}.Debug|Any CPU.ActiveCfg = Debug|Any CPU
		{2DC09AEF-7009-4EA9-A01B-9B070390C01A}.Debug|Any CPU.Build.0 = Debug|Any CPU
		{2DC09AEF-7009-4EA9-A01B-9B070390C01A}.Release|Any CPU.ActiveCfg = Release|Any CPU
		{2DC09AEF-7009-4EA9-A01B-9B070390C01A}.Release|Any CPU.Build.0 = Release|Any CPU
		{4B6B220A-CD75-4898-8F1D-C67B5596C775}.Debug|Any CPU.ActiveCfg = Debug|Any CPU
		{4B6B220A-CD75-4898-8F1D-C67B5596C775}.Debug|Any CPU.Build.0 = Debug|Any CPU
		{4B6B220A-CD75-4898-8F1D-C67B5596C775}.Release|Any CPU.ActiveCfg = Release|Any CPU
		{4B6B220A-CD75-4898-8F1D-C67B5596C775}.Release|Any CPU.Build.0 = Release|Any CPU
	EndGlobalSection
	GlobalSection(SolutionProperties) = preSolution
		HideSolutionNode = FALSE
	EndGlobalSection
EndGlobal
